
Microsoft Visual Studio Solution File, Format Version 12.00
# Visual Studio Version 17
VisualStudioVersion = 17.6.33815.320
MinimumVisualStudioVersion = 10.0.40219.1
Project("{8BC9CEB8-8B4A-11D0-8D11-00A0C91BC942}") = "CppCStyleStringProject", "CppCStyleStringProject\CppCStyleStringProject.vcxproj", "{5A6069BF-790B-4AD7-B1CC-196B676207EE}"
EndProject
Global
	GlobalSection(SolutionConfigurationPlatforms) = preSolution
		Debug|x64 = Debug|x64
		Debug|x86 = Debug|x86
		Release|x64 = Release|x64
		Release|x86 = Release|x86
	EndGlobalSection
	GlobalSection(ProjectConfigurationPlatforms) = postSolution
		{5A6069BF-790B-4AD7-B1CC-196B676207EE}.Debug|x64.ActiveCfg = Debug|x64
		{5A6069BF-790B-4AD7-B1CC-196B676207EE}.Debug|x64.Build.0 = Debug|x64
		{5A6069BF-790B-4AD7-B1CC-196B676207EE}.Debug|x86.ActiveCfg = Debug|Win32
		{5A6069BF-790B-4AD7-B1CC-196B676207EE}.Debug|x86.Build.0 = Debug|Win32
		{5A6069BF-790B-4AD7-B1CC-196B676207EE}.Release|x64.ActiveCfg = Release|x64
		{5A6069BF-790B-4AD7-B1CC-196B676207EE}.Release|x64.Build.0 = Release|x64
		{5A6069BF-790B-4AD7-B1CC-196B676207EE}.Release|x86.ActiveCfg = Release|Win32
		{5A6069BF-790B-4AD7-B1CC-196B676207EE}.Release|x86.Build.0 = Release|Win32
	EndGlobalSection
	GlobalSection(SolutionProperties) = preSolution
		HideSolutionNode = FALSE
	EndGlobalSection
	GlobalSection(ExtensibilityGlobals) = postSolution
		SolutionGuid = {9F65D813-E156-4AAA-987E-E5F82D8FC616}
	EndGlobalSection
EndGlobal
